
Microsoft Visual Studio Solution File, Format Version 12.00
# Visual Studio Version 17
VisualStudioVersion = 17.7.34202.233
MinimumVisualStudioVersion = 10.0.40219.1
Project("{FAE04EC0-301F-11D3-BF4B-00C04F79EFBC}") = "HelloWorldWebApi", "HelloWorldWebApi\HelloWorldWebApi.csproj", "{891C7FC9-F1C8-44AE-8F9A-718D6152763C}"
EndProject
Global
	GlobalSection(SolutionConfigurationPlatforms) = preSolution
		Debug|Any CPU = Debug|Any CPU
		Release|Any CPU = Release|Any CPU
	EndGlobalSection
	GlobalSection(ProjectConfigurationPlatforms) = postSolution
		{891C7FC9-F1C8-44AE-8F9A-718D6152763C}.Debug|Any CPU.ActiveCfg = Debug|Any CPU
		{891C7FC9-F1C8-44AE-8F9A-718D6152763C}.Debug|Any CPU.Build.0 = Debug|Any CPU
		{891C7FC9-F1C8-44AE-8F9A-718D6152763C}.Release|Any CPU.ActiveCfg = Release|Any CPU
		{891C7FC9-F1C8-44AE-8F9A-718D6152763C}.Release|Any CPU.Build.0 = Release|Any CPU
	EndGlobalSection
	GlobalSection(SolutionProperties) = preSolution
		HideSolutionNode = FALSE
	EndGlobalSection
	GlobalSection(ExtensibilityGlobals) = postSolution
		SolutionGuid = {DD4EC27F-D699-4C9C-A696-9489173C3247}
	EndGlobalSection
EndGlobal
